
Microsoft Visual Studio Solution File, Format Version 12.00
# Visual Studio Express 15 for Windows Desktop
VisualStudioVersion = 15.0.37327.16
MinimumVisualStudioVersion = 10.0.40219.1
Project("{8BC9CEB8-8B4A-11D0-8D11-00A0C91BC942}") = "Project2", "Project2\Project2.vcxproj", "{07E767A9-D416-4AD6-9D7B-1DD5DEF534FD}"
EndProject
Global
	GlobalSection(SolutionConfigurationPlatforms) = preSolution
		Debug|x64 = Debug|x64
		Debug|x86 = Debug|x86
		Release|x64 = Release|x64
		Release|x86 = Release|x86
	EndGlobalSection
	GlobalSection(ProjectConfigurationPlatforms) = postSolution
		{07E767A9-D416-4AD6-9D7B-1DD5DEF534FD}.Debug|x64.ActiveCfg = Debug|x64
		{07E767A9-D416-4AD6-9D7B-1DD5DEF534FD}.Debug|x64.Build.0 = Debug|x64
		{07E767A9-D416-4AD6-9D7B-1DD5DEF534FD}.Debug|x86.ActiveCfg = Debug|Win32
		{07E767A9-D416-4AD6-9D7B-1DD5DEF534FD}.Debug|x86.Build.0 = Debug|Win32
		{07E767A9-D416-4AD6-9D7B-1DD5DEF534FD}.Release|x64.ActiveCfg = Release|x64
		{07E767A9-D416-4AD6-9D7B-1DD5DEF534FD}.Release|x64.Build.0 = Release|x64
		{07E767A9-D416-4AD6-9D7B-1DD5DEF534FD}.Release|x86.ActiveCfg = Release|Win32
		{07E767A9-D416-4AD6-9D7B-1DD5DEF534FD}.Release|x86.Build.0 = Release|Win32
	EndGlobalSection
	GlobalSection(SolutionProperties) = preSolution
		HideSolutionNode = FALSE
	EndGlobalSection
	GlobalSection(ExtensibilityGlobals) = postSolution
		SolutionGuid = {CDFF6A91-1115-4E59-8374-F730A4542238}
	EndGlobalSection
EndGlobal
